# THIS IS AN AUTOGENERATED FILE. DO NOT EDIT THIS FILE DIRECTLY.
# yarn lockfile v1


"@babel/runtime@^7.14.6", "@babel/runtime@^7.8.7":
  version "7.15.4"
  resolved "https://registry.yarnpkg.com/@babel/runtime/-/runtime-7.15.4.tgz#fd17d16bfdf878e6dd02d19753a39fa8a8d9c84a"
  integrity sha512-99catp6bHCaxr4sJ/DbTGgHS4+Rs2RVd2g7iOap6SLGPDknRK9ztKNsE/Fg6QhSeh1FGE5f6gHGQmvvn3I3xhw==
  dependencies:
    regenerator-runtime "^0.13.4"

abbrev@1:
  version "1.1.1"
  resolved "https://registry.yarnpkg.com/abbrev/-/abbrev-1.1.1.tgz#f8f2c887ad10bf67f634f005b6987fed3179aac8"
  integrity sha512-nne9/IiQ/hzIhY6pdDnbBtz7DjPTKrY00P/zvPSm5pOFkl6xuGrGnXn/VtTNNfNtAfZ9/1RtehkszU9qcTii0Q==

ansi-colors@^4.1.1:
  version "4.1.1"
  resolved "https://registry.yarnpkg.com/ansi-colors/-/ansi-colors-4.1.1.tgz#cbb9ae256bf750af1eab344f229aa27fe94ba348"
  integrity sha512-JoX0apGbHaUJBNl6yF+p6JAFYZ666/hhCGKN5t9QFjbJQKUU/g8MNbFDbvfrgKXvI1QpZplPOnwIo99lX/AAmA==

ansi-regex@^5.0.0:
  version "5.0.0"
  resolved "https://registry.yarnpkg.com/ansi-regex/-/ansi-regex-5.0.0.tgz#388539f55179bf39339c81af30a654d69f87cb75"
  integrity sha512-bY6fj56OUQ0hU1KjFNDQuJFezqKdrAyFdIevADiqrWHwSlbmBNMHp5ak2f40Pm8JTFyM2mqxkG6ngkHO11f/lg==

ansi-styles@^4.0.0:
  version "4.3.0"
  resolved "https://registry.yarnpkg.com/ansi-styles/-/ansi-styles-4.3.0.tgz#edd803628ae71c04c85ae7a0906edad34b648937"
  integrity sha512-zbB9rCJAT1rbjiVDb2hqKFHNYLxgtk8NURxZ3IZwD3F6NtxbXZQCnnSi1Lkx+IDohdPlFp222wVALIheZJQSEg==
  dependencies:
    color-convert "^2.0.1"

anymatch@~3.1.2:
  version "3.1.2"
  resolved "https://registry.yarnpkg.com/anymatch/-/anymatch-3.1.2.tgz#c0557c096af32f106198f4f4e2a383537e378716"
  integrity sha512-P43ePfOAIupkguHUycrc4qJ9kz8ZiuOUijaETwX7THt0Y/GNK7v0aa8rY816xWjZ7rJdA5XdMcpVFTKMq+RvWg==
  dependencies:
    normalize-path "^3.0.0"
    picomatch "^2.0.4"

balanced-match@^1.0.0:
  version "1.0.2"
  resolved "https://registry.yarnpkg.com/balanced-match/-/balanced-match-1.0.2.tgz#e83e3a7e3f300b34cb9d87f615fa0cbf357690ee"
  integrity sha512-3oSeUO0TMV67hN1AmbXsK4yaqU7tjiHlbxRDZOpH0KW9+CeX4bRAaX0Anxt0tx2MrpRpWwQaPwIlISEJhYU5Pw==

binary-extensions@^2.0.0:
  version "2.2.0"
  resolved "https://registry.yarnpkg.com/binary-extensions/-/binary-extensions-2.2.0.tgz#75f502eeaf9ffde42fc98829645be4ea76bd9e2d"
  integrity sha512-jDctJ/IVQbZoJykoeHbhXpOlNBqGNcwXJKJog42E5HDPUwQTSdjCHdihjj0DlnheQ7blbT6dHOafNAiS8ooQKA==

boolbase@^1.0.0:
  version "1.0.0"
  resolved "https://registry.yarnpkg.com/boolbase/-/boolbase-1.0.0.tgz#68dff5fbe60c51eb37725ea9e3ed310dcc1e776e"
  integrity sha1-aN/1++YMUes3cl6p4+0xDcwed24=

brace-expansion@^1.1.7:
  version "1.1.11"
  resolved "https://registry.yarnpkg.com/brace-expansion/-/brace-expansion-1.1.11.tgz#3c7fcbf529d87226f3d2f52b966ff5271eb441dd"
  integrity sha512-iCuPHDFgrHX7H2vEI/5xpz07zSHB00TpugqhmYtVmMO6518mCuRMoOYFldEBl0g187ufozdaHgWKcYFb61qGiA==
  dependencies:
    balanced-match "^1.0.0"
    concat-map "0.0.1"

braces@~3.0.2:
  version "3.0.2"
  resolved "https://registry.yarnpkg.com/braces/-/braces-3.0.2.tgz#3454e1a462ee8d599e236df336cd9ea4f8afe107"
  integrity sha512-b8um+L1RzM3WDSzvhm6gIz1yfTbBt6YTlcEKAvsmqCZZFw46z626lVj9j1yEPW33H5H+lBQpZMP1k8l+78Ha0A==
  dependencies:
    fill-range "^7.0.1"

camel-case@^3.0.0:
  version "3.0.0"
  resolved "https://registry.yarnpkg.com/camel-case/-/camel-case-3.0.0.tgz#ca3c3688a4e9cf3a4cda777dc4dcbc713249cf73"
  integrity sha1-yjw2iKTpzzpM2nd9xNy8cTJJz3M=
  dependencies:
    no-case "^2.2.0"
    upper-case "^1.1.1"

cheerio-select@^1.5.0:
  version "1.5.0"
  resolved "https://registry.yarnpkg.com/cheerio-select/-/cheerio-select-1.5.0.tgz#faf3daeb31b17c5e1a9dabcee288aaf8aafa5823"
  integrity sha512-qocaHPv5ypefh6YNxvnbABM07KMxExbtbfuJoIie3iZXX1ERwYmJcIiRrr9H05ucQP1k28dav8rpdDgjQd8drg==
  dependencies:
    css-select "^4.1.3"
    css-what "^5.0.1"
    domelementtype "^2.2.0"
    domhandler "^4.2.0"
    domutils "^2.7.0"

cheerio@1.0.0-rc.10, cheerio@^1.0.0-rc.3:
  version "1.0.0-rc.10"
  resolved "https://registry.yarnpkg.com/cheerio/-/cheerio-1.0.0-rc.10.tgz#2ba3dcdfcc26e7956fc1f440e61d51c643379f3e"
  integrity sha512-g0J0q/O6mW8z5zxQ3A8E8J1hUgp4SMOvEoW/x84OwyHKe/Zccz83PVT4y5Crcr530FV6NgmKI1qvGTKVl9XXVw==
  dependencies:
    cheerio-select "^1.5.0"
    dom-serializer "^1.3.2"
    domhandler "^4.2.0"
    htmlparser2 "^6.1.0"
    parse5 "^6.0.1"
    parse5-htmlparser2-tree-adapter "^6.0.1"
    tslib "^2.2.0"

chokidar@^3.0.0:
  version "3.5.2"
  resolved "https://registry.yarnpkg.com/chokidar/-/chokidar-3.5.2.tgz#dba3976fcadb016f66fd365021d91600d01c1e75"
  integrity sha512-ekGhOnNVPgT77r4K/U3GDhu+FQ2S8TnK/s2KbIGXi0SZWuwkZ2QNyfWdZW+TVfn84DpEP7rLeCt2UI6bJ8GwbQ==
  dependencies:
    anymatch "~3.1.2"
    braces "~3.0.2"
    glob-parent "~5.1.2"
    is-binary-path "~2.1.0"
    is-glob "~4.0.1"
    normalize-path "~3.0.0"
    readdirp "~3.6.0"
  optionalDependencies:
    fsevents "~2.3.2"

clean-css@^4.2.1:
  version "4.2.3"
  resolved "https://registry.yarnpkg.com/clean-css/-/clean-css-4.2.3.tgz#507b5de7d97b48ee53d84adb0160ff6216380f78"
  integrity sha512-VcMWDN54ZN/DS+g58HYL5/n4Zrqe8vHJpGA8KdgUXFU4fuP/aHNw8eld9SyEIyabIMJX/0RaY/fplOo5hYLSFA==
  dependencies:
    source-map "~0.6.0"

cliui@^7.0.2:
  version "7.0.4"
  resolved "https://registry.yarnpkg.com/cliui/-/cliui-7.0.4.tgz#a0265ee655476fc807aea9df3df8df7783808b4f"
  integrity sha512-OcRE68cOsVMXp1Yvonl/fzkQOyjLSu/8bhPDfQt0e0/Eb283TKP20Fs2MqoPsr9SwA595rRCA+QMzYc9nBP+JQ==
  dependencies:
    string-width "^4.2.0"
    strip-ansi "^6.0.0"
    wrap-ansi "^7.0.0"

color-convert@^2.0.1:
  version "2.0.1"
  resolved "https://registry.yarnpkg.com/color-convert/-/color-convert-2.0.1.tgz#72d3a68d598c9bdb3af2ad1e84f21d896abd4de3"
  integrity sha512-RRECPsj7iu/xb5oKYcsFHSppFNnsj/52OVTRKb4zP5onXwVF3zVmmToNcOfGC+CRDpfK/U584fMg38ZHCaElKQ==
  dependencies:
    color-name "~1.1.4"

color-name@~1.1.4:
  version "1.1.4"
  resolved "https://registry.yarnpkg.com/color-name/-/color-name-1.1.4.tgz#c2a09a87acbde69543de6f63fa3995c826c536a2"
  integrity sha512-dOy+3AuW3a2wNbZHIuMZpTcgjGuLU/uBL/ubcZF9OXbDo8ff4O8yVp5Bf0efS8uEoYo5q4Fx7dY9OgQGXgAsQA==

commander@^2.19.0:
  version "2.20.3"
  resolved "https://registry.yarnpkg.com/commander/-/commander-2.20.3.tgz#fd485e84c03eb4881c20722ba48035e8531aeb33"
  integrity sha512-GpVkmM8vF2vQUkj2LvZmD35JxeJOLCwJ9cUkugyk2nuhbv3+mJvpLYYt+0+USMxE+oj+ey/lJEnhZw75x/OMcQ==

commander@^5.1.0:
  version "5.1.0"
  resolved "https://registry.yarnpkg.com/commander/-/commander-5.1.0.tgz#46abbd1652f8e059bddaef99bbdcb2ad9cf179ae"
  integrity sha512-P0CysNDQ7rtVw4QIQtm+MRxV66vKFSvlsQvGYXZWR3qFU0jlMKHZZZgw8e+8DSah4UDKMqnknRDQz+xuQXQ/Zg==

concat-map@0.0.1:
  version "0.0.1"
  resolved "https://registry.yarnpkg.com/concat-map/-/concat-map-0.0.1.tgz#d8a96bd77fd68df7793a73036a3ba0d5405d477b"
  integrity sha1-2Klr13/Wjfd5OnMDajug1UBdR3s=

config-chain@^1.1.12:
  version "1.1.13"
  resolved "https://registry.yarnpkg.com/config-chain/-/config-chain-1.1.13.tgz#fad0795aa6a6cdaff9ed1b68e9dff94372c232f4"
  integrity sha512-qj+f8APARXHrM0hraqXYb2/bOVSV4PvJQlNZ/DVj0QrmNM2q2euizkeuVckQ57J+W0mRH6Hvi+k50M4Jul2VRQ==
  dependencies:
    ini "^1.3.4"
    proto-list "~1.2.1"

css-select@^4.1.3:
  version "4.1.3"
  resolved "https://registry.yarnpkg.com/css-select/-/css-select-4.1.3.tgz#a70440f70317f2669118ad74ff105e65849c7067"
  integrity sha512-gT3wBNd9Nj49rAbmtFHj1cljIAOLYSX1nZ8CB7TBO3INYckygm5B7LISU/szY//YmdiSLbJvDLOx9VnMVpMBxA==
  dependencies:
    boolbase "^1.0.0"
    css-what "^5.0.0"
    domhandler "^4.2.0"
    domutils "^2.6.0"
    nth-check "^2.0.0"

css-what@^5.0.0, css-what@^5.0.1:
  version "5.0.1"
  resolved "https://registry.yarnpkg.com/css-what/-/css-what-5.0.1.tgz#3efa820131f4669a8ac2408f9c32e7c7de9f4cad"
  integrity sha512-FYDTSHb/7KXsWICVsxdmiExPjCfRC4qRFBdVwv7Ax9hMnvMmEjP9RfxTEZ3qPZGmADDn2vAKSo9UcN1jKVYscg==

detect-node@2.0.4:
  version "2.0.4"
  resolved "https://registry.yarnpkg.com/detect-node/-/detect-node-2.0.4.tgz#014ee8f8f669c5c58023da64b8179c083a28c46c"
  integrity sha512-ZIzRpLJrOj7jjP2miAtgqIfmzbxa4ZOr5jJc601zklsfEx9oTzmmj2nVpIPRpNlRTIh8lc1kyViIY7BWSGNmKw==

dom-serializer@^1.0.1, dom-serializer@^1.3.2:
  version "1.3.2"
  resolved "https://registry.yarnpkg.com/dom-serializer/-/dom-serializer-1.3.2.tgz#6206437d32ceefaec7161803230c7a20bc1b4d91"
  integrity sha512-5c54Bk5Dw4qAxNOI1pFEizPSjVsx5+bpJKmL2kPn8JhBUq2q09tTCa3mjijun2NfK78NMouDYNMBkOrPZiS+ig==
  dependencies:
    domelementtype "^2.0.1"
    domhandler "^4.2.0"
    entities "^2.0.0"

domelementtype@^2.0.1, domelementtype@^2.2.0:
  version "2.2.0"
  resolved "https://registry.yarnpkg.com/domelementtype/-/domelementtype-2.2.0.tgz#9a0b6c2782ed6a1c7323d42267183df9bd8b1d57"
  integrity sha512-DtBMo82pv1dFtUmHyr48beiuq792Sxohr+8Hm9zoxklYPfa6n0Z3Byjj2IV7bmr2IyqClnqEQhfgHJJ5QF0R5A==

domhandler@^3.0.0:
  version "3.3.0"
  resolved "https://registry.yarnpkg.com/domhandler/-/domhandler-3.3.0.tgz#6db7ea46e4617eb15cf875df68b2b8524ce0037a"
  integrity sha512-J1C5rIANUbuYK+FuFL98650rihynUOEzRLxW+90bKZRWB6A1X1Tf82GxR1qAWLyfNPRvjqfip3Q5tdYlmAa9lA==
  dependencies:
    domelementtype "^2.0.1"

domhandler@^4.0.0, domhandler@^4.2.0:
  version "4.2.2"
  resolved "https://registry.yarnpkg.com/domhandler/-/domhandler-4.2.2.tgz#e825d721d19a86b8c201a35264e226c678ee755f"
  integrity sha512-PzE9aBMsdZO8TK4BnuJwH0QT41wgMbRzuZrHUcpYncEjmQazq8QEaBWgLG7ZyC/DAZKEgglpIA6j4Qn/HmxS3w==
  dependencies:
    domelementtype "^2.2.0"

domutils@^2.0.0, domutils@^2.5.2, domutils@^2.6.0, domutils@^2.7.0:
  version "2.8.0"
  resolved "https://registry.yarnpkg.com/domutils/-/domutils-2.8.0.tgz#4437def5db6e2d1f5d6ee859bd95ca7d02048135"
  integrity sha512-w96Cjofp72M5IIhpjgobBimYEfoPjx1Vx0BSX9P30WBdZW2WIKU0T1Bd0kz2eNZ9ikjKgHbEyKx8BB6H1L3h3A==
  dependencies:
    dom-serializer "^1.0.1"
    domelementtype "^2.2.0"
    domhandler "^4.2.0"

editorconfig@^0.15.3:
  version "0.15.3"
  resolved "https://registry.yarnpkg.com/editorconfig/-/editorconfig-0.15.3.tgz#bef84c4e75fb8dcb0ce5cee8efd51c15999befc5"
  integrity sha512-M9wIMFx96vq0R4F+gRpY3o2exzb8hEj/n9S8unZtHSvYjibBp/iMufSzvmOcV/laG0ZtuTVGtiJggPOSW2r93g==
  dependencies:
    commander "^2.19.0"
    lru-cache "^4.1.5"
    semver "^5.6.0"
    sigmund "^1.0.1"

emoji-regex@^8.0.0:
  version "8.0.0"
  resolved "https://registry.yarnpkg.com/emoji-regex/-/emoji-regex-8.0.0.tgz#e818fd69ce5ccfcb404594f842963bf53164cc37"
  integrity sha512-MSjYzcWNOA0ewAHpz0MxpYFvwg6yjy1NG3xteoqz644VCo/RPgnr1/GGt+ic3iJTzQ8Eu3TdM14SawnVUmGE6A==

entities@^2.0.0:
  version "2.2.0"
  resolved "https://registry.yarnpkg.com/entities/-/entities-2.2.0.tgz#098dc90ebb83d8dffa089d55256b351d34c4da55"
  integrity sha512-p92if5Nz619I0w+akJrLZH0MX0Pb5DX39XOwQTtXSdQQOaYH03S1uIQp4mhOZtAXrxq4ViO67YTiLBo2638o9A==

escalade@^3.1.1:
  version "3.1.1"
  resolved "https://registry.yarnpkg.com/escalade/-/escalade-3.1.1.tgz#d8cfdc7000965c5a0174b4a82eaa5c0552742e40"
  integrity sha512-k0er2gUkLf8O0zKJiAhmkTnJlTvINGv7ygDNPbeIsX/TJjGJZHuh9B2UxbsaEkmlEo9MfhrSzmhIlhRlI2GXnw==

escape-goat@^3.0.0:
  version "3.0.0"
  resolved "https://registry.yarnpkg.com/escape-goat/-/escape-goat-3.0.0.tgz#e8b5fb658553fe8a3c4959c316c6ebb8c842b19c"
  integrity sha512-w3PwNZJwRxlp47QGzhuEBldEqVHHhh8/tIPcl6ecf2Bou99cdAt0knihBV0Ecc7CGxYduXVBDheH1K2oADRlvw==

fill-range@^7.0.1:
  version "7.0.1"
  resolved "https://registry.yarnpkg.com/fill-range/-/fill-range-7.0.1.tgz#1919a6a7c75fe38b2c7c77e5198535da9acdda40"
  integrity sha512-qOo9F+dMUmC2Lcb4BbVvnKJxTPjCm+RRpe4gDuGrzkL7mEVl/djYSu2OdQ2Pa302N4oqkSg9ir6jaLWJ2USVpQ==
  dependencies:
    to-regex-range "^5.0.1"

fs.realpath@^1.0.0:
  version "1.0.0"
  resolved "https://registry.yarnpkg.com/fs.realpath/-/fs.realpath-1.0.0.tgz#1504ad2523158caa40db4a2787cb01411994ea4f"
  integrity sha1-FQStJSMVjKpA20onh8sBQRmU6k8=

fsevents@~2.3.2:
  version "2.3.2"
  resolved "https://registry.yarnpkg.com/fsevents/-/fsevents-2.3.2.tgz#8a526f78b8fdf4623b709e0b975c52c24c02fd1a"
  integrity sha512-xiqMQR4xAeHTuB9uWm+fFRcIOgKBMiOBP+eXiyT7jsgVCq1bkVygt00oASowB7EdtpOHaaPgKt812P9ab+DDKA==

get-caller-file@^2.0.5:
  version "2.0.5"
  resolved "https://registry.yarnpkg.com/get-caller-file/-/get-caller-file-2.0.5.tgz#4f94412a82db32f36e3b0b9741f8a97feb031f7e"
  integrity sha512-DyFP3BM/3YHTQOCUL/w0OZHR0lpKeGrxotcHWcqNEdnltqFwXVfhEBQ94eIo34AfQpo0rGki4cyIiftY06h2Fg==

glob-parent@~5.1.2:
  version "5.1.2"
  resolved "https://registry.yarnpkg.com/glob-parent/-/glob-parent-5.1.2.tgz#869832c58034fe68a4093c17dc15e8340d8401c4"
  integrity sha512-AOIgSQCepiJYwP3ARnGx+5VnTu2HBYdzbGP45eLw1vr3zB3vZLeyed1sC9hnbcOc9/SrMyM5RPQrkGz4aS9Zow==
  dependencies:
    is-glob "^4.0.1"

glob@^7.1.1, glob@^7.1.3:
  version "7.1.7"
  resolved "https://registry.yarnpkg.com/glob/-/glob-7.1.7.tgz#3b193e9233f01d42d0b3f78294bbeeb418f94a90"
  integrity sha512-OvD9ENzPLbegENnYP5UUfJIirTg4+XwMWGaQfQTY0JenxNvvIKP3U3/tAQSPIu/lHxXYSZmpXlUHeqAIdKzBLQ==
  dependencies:
    fs.realpath "^1.0.0"
    inflight "^1.0.4"
    inherits "2"
    minimatch "^3.0.4"
    once "^1.3.0"
    path-is-absolute "^1.0.0"

he@^1.2.0:
  version "1.2.0"
  resolved "https://registry.yarnpkg.com/he/-/he-1.2.0.tgz#84ae65fa7eafb165fddb61566ae14baf05664f0f"
  integrity sha512-F/1DnUGPopORZi0ni+CvrCgHQ5FyEAHRLSApuYWMmrbSwoN2Mn/7k+Gl38gJnR7yyDZk6WLXwiGod1JOWNDKGw==

html-minifier@^4.0.0:
  version "4.0.0"
  resolved "https://registry.yarnpkg.com/html-minifier/-/html-minifier-4.0.0.tgz#cca9aad8bce1175e02e17a8c33e46d8988889f56"
  integrity sha512-aoGxanpFPLg7MkIl/DDFYtb0iWz7jMFGqFhvEDZga6/4QTjneiD8I/NXL1x5aaoCp7FSIT6h/OhykDdPsbtMig==
  dependencies:
    camel-case "^3.0.0"
    clean-css "^4.2.1"
    commander "^2.19.0"
    he "^1.2.0"
    param-case "^2.1.1"
    relateurl "^0.2.7"
    uglify-js "^3.5.1"

htmlparser2@^4.0.0, htmlparser2@^4.1.0:
  version "4.1.0"
  resolved "https://registry.yarnpkg.com/htmlparser2/-/htmlparser2-4.1.0.tgz#9a4ef161f2e4625ebf7dfbe6c0a2f52d18a59e78"
  integrity sha512-4zDq1a1zhE4gQso/c5LP1OtrhYTncXNSpvJYtWJBtXAETPlMfi3IFNjGuQbYLuVY4ZR0QMqRVvo4Pdy9KLyP8Q==
  dependencies:
    domelementtype "^2.0.1"
    domhandler "^3.0.0"
    domutils "^2.0.0"
    entities "^2.0.0"

htmlparser2@^6.1.0:
  version "6.1.0"
  resolved "https://registry.yarnpkg.com/htmlparser2/-/htmlparser2-6.1.0.tgz#c4d762b6c3371a05dbe65e94ae43a9f845fb8fb7"
  integrity sha512-gyyPk6rgonLFEDGoeRgQNaEUvdJ4ktTmmUh/h2t7s+M8oPpIPxgNACWa+6ESR57kXstwqPiCut0V8NRpcwgU7A==
  dependencies:
    domelementtype "^2.0.1"
    domhandler "^4.0.0"
    domutils "^2.5.2"
    entities "^2.0.0"

inflight@^1.0.4:
  version "1.0.6"
  resolved "https://registry.yarnpkg.com/inflight/-/inflight-1.0.6.tgz#49bd6331d7d02d0c09bc910a1075ba8165b56df9"
  integrity sha1-Sb1jMdfQLQwJvJEKEHW6gWW1bfk=
  dependencies:
    once "^1.3.0"
    wrappy "1"

inherits@2:
  version "2.0.4"
  resolved "https://registry.yarnpkg.com/inherits/-/inherits-2.0.4.tgz#0fa2c64f932917c3433a0ded55363aae37416b7c"
  integrity sha512-k/vGaX4/Yla3WzyMCvTQOXYeIHvqOKtnqBduzTHpzpQZzAskKMhZ2K+EnBiSM9zGSoIFeMpXKxa4dYeZIQqewQ==

ini@^1.3.4:
  version "1.3.8"
  resolved "https://registry.yarnpkg.com/ini/-/ini-1.3.8.tgz#a29da425b48806f34767a4efce397269af28432c"
  integrity sha512-JV/yugV2uzW5iMRSiZAyDtQd+nxtUnjeLt0acNdw98kKLrvuRVyB80tsREOE7yvGVgalhZ6RNXCmEHkUKBKxew==

is-binary-path@~2.1.0:
  version "2.1.0"
  resolved "https://registry.yarnpkg.com/is-binary-path/-/is-binary-path-2.1.0.tgz#ea1f7f3b80f064236e83470f86c09c254fb45b09"
  integrity sha512-ZMERYes6pDydyuGidse7OsHxtbI7WVeUEozgR/g7rd0xUimYNlvZRE/K2MgZTjWy725IfelLeVcEM97mmtRGXw==
  dependencies:
    binary-extensions "^2.0.0"

is-extglob@^2.1.1:
  version "2.1.1"
  resolved "https://registry.yarnpkg.com/is-extglob/-/is-extglob-2.1.1.tgz#a88c02535791f02ed37c76a1b9ea9773c833f8c2"
  integrity sha1-qIwCU1eR8C7TfHahueqXc8gz+MI=

is-fullwidth-code-point@^3.0.0:
  version "3.0.0"
  resolved "https://registry.yarnpkg.com/is-fullwidth-code-point/-/is-fullwidth-code-point-3.0.0.tgz#f116f8064fe90b3f7844a38997c0b75051269f1d"
  integrity sha512-zymm5+u+sCsSWyD9qNaejV3DFvhCKclKdizYaJUuHA83RLjb7nSuGnddCHGv0hk+KY7BMAlsWeK4Ueg6EV6XQg==

is-glob@^4.0.1, is-glob@~4.0.1:
  version "4.0.1"
  resolved "https://registry.yarnpkg.com/is-glob/-/is-glob-4.0.1.tgz#7567dbe9f2f5e2467bc77ab83c4a29482407a5dc"
  integrity sha512-5G0tKtBTFImOqDnLB2hG6Bp2qcKEFduo4tZu9MT/H6NQv/ghhy30o55ufafxJ/LdH79LLs2Kfrn85TLKyA7BUg==
  dependencies:
    is-extglob "^2.1.1"

is-number@^7.0.0:
  version "7.0.0"
  resolved "https://registry.yarnpkg.com/is-number/-/is-number-7.0.0.tgz#7535345b896734d5f80c4d06c50955527a14f12b"
  integrity sha512-41Cifkg6e8TylSpdtTpeLVMqvSBEVzTttHvERD741+pnZ8ANv0004MRL43QKPDlK9cGvNp6NZWZUBlbGXYxxng==

js-beautify@^1.6.14:
  version "1.14.0"
  resolved "https://registry.yarnpkg.com/js-beautify/-/js-beautify-1.14.0.tgz#2ce790c555d53ce1e3d7363227acf5dc69024c2d"
  integrity sha512-yuck9KirNSCAwyNJbqW+BxJqJ0NLJ4PwBUzQQACl5O3qHMBXVkXb/rD0ilh/Lat/tn88zSZ+CAHOlk0DsY7GuQ==
  dependencies:
    config-chain "^1.1.12"
    editorconfig "^0.15.3"
    glob "^7.1.3"
    nopt "^5.0.0"

juice@^7.0.0:
  version "7.0.0"
  resolved "https://registry.yarnpkg.com/juice/-/juice-7.0.0.tgz#509bed6adbb6e4bbaa7fbfadac4e2e83e8c89ba3"
  integrity sha512-AjKQX31KKN+uJs+zaf+GW8mBO/f/0NqSh2moTMyvwBY+4/lXIYTU8D8I2h6BAV3Xnz6GGsbalUyFqbYMe+Vh+Q==
  dependencies:
    cheerio "^1.0.0-rc.3"
    commander "^5.1.0"
    mensch "^0.3.4"
    slick "^1.12.2"
    web-resource-inliner "^5.0.0"

lodash@^4.17.15, lodash@^4.17.21:
  version "4.17.21"
  resolved "https://registry.yarnpkg.com/lodash/-/lodash-4.17.21.tgz#679591c564c3bffaae8454cf0b3df370c3d6911c"
  integrity sha512-v2kDEe57lecTulaDIuNTPy3Ry4gLGJ6Z1O3vE1krgXZNrsQ+LFTGHVxVjcXPs17LhbZVGedAJv8XZ1tvj5FvSg==

lower-case@^1.1.1:
  version "1.1.4"
  resolved "https://registry.yarnpkg.com/lower-case/-/lower-case-1.1.4.tgz#9a2cabd1b9e8e0ae993a4bf7d5875c39c42e8eac"
  integrity sha1-miyr0bno4K6ZOkv31YdcOcQujqw=

lru-cache@^4.1.5:
  version "4.1.5"
  resolved "https://registry.yarnpkg.com/lru-cache/-/lru-cache-4.1.5.tgz#8bbe50ea85bed59bc9e33dcab8235ee9bcf443cd"
  integrity sha512-sWZlbEP2OsHNkXrMl5GYk/jKk70MBng6UU4YI/qGDYbgf6YbP4EvmqISbXCoJiRKs+1bSpFHVgQxvJ17F2li5g==
  dependencies:
    pseudomap "^1.0.2"
    yallist "^2.1.2"

mensch@^0.3.4:
  version "0.3.4"
  resolved "https://registry.yarnpkg.com/mensch/-/mensch-0.3.4.tgz#770f91b46cb16ea5b204ee735768c3f0c491fecd"
  integrity sha512-IAeFvcOnV9V0Yk+bFhYR07O3yNina9ANIN5MoXBKYJ/RLYPurd2d0yw14MDhpr9/momp0WofT1bPUh3hkzdi/g==

mime@^2.4.6:
  version "2.5.2"
  resolved "https://registry.yarnpkg.com/mime/-/mime-2.5.2.tgz#6e3dc6cc2b9510643830e5f19d5cb753da5eeabe"
  integrity sha512-tqkh47FzKeCPD2PUiPB6pkbMzsCasjxAfC62/Wap5qrUWcb+sFasXUC5I3gYM5iBM8v/Qpn4UK0x+j0iHyFPDg==

minimatch@^3.0.4:
  version "3.0.4"
  resolved "https://registry.yarnpkg.com/minimatch/-/minimatch-3.0.4.tgz#5166e286457f03306064be5497e8dbb0c3d32083"
  integrity sha512-yJHVQEhyqPLUTgt9B83PXu6W3rx4MvvHvSUvToogpwoGDOUQ+yDrR0HRot+yOCdCO7u4hX3pWft6kWBBcqh0UA==
  dependencies:
    brace-expansion "^1.1.7"

mjml-accordion@4.10.2:
  version "4.10.2"
  resolved "https://registry.yarnpkg.com/mjml-accordion/-/mjml-accordion-4.10.2.tgz#475526c1bbdae00a9586a056e8eaa0c23753d4be"
  integrity sha512-32nPtx7zH2wdiIQ8wHoIYnIlXhDDwRoGWhm6Rc4uszB4CPYTIsh7vOXOlhLsXgKrWKTdYOD/TIxZcbyvBl4sIA==
  dependencies:
    "@babel/runtime" "^7.8.7"
    lodash "^4.17.21"
    mjml-core "4.10.2"

mjml-body@4.10.2:
  version "4.10.2"
  resolved "https://registry.yarnpkg.com/mjml-body/-/mjml-body-4.10.2.tgz#f75eee2b0cb701edf21244f4219b6db0d9f0f9a0"
  integrity sha512-G80iK31hhm/DL40H4VSch0gtDpNBa7Pmj5ZJDnSkIrawgoKU+2qMD/fjlRTF2x+cxBLXSCKWpeH9bdompcs0pw==
  dependencies:
    "@babel/runtime" "^7.8.7"
    lodash "^4.17.21"
    mjml-core "4.10.2"

mjml-button@4.10.2:
  version "4.10.2"
  resolved "https://registry.yarnpkg.com/mjml-button/-/mjml-button-4.10.2.tgz#b734b037e2eca6b19c1392ac02900438abd49c8e"
  integrity sha512-q26UJPb80RGN0oVu9mYEutBKMY1e7AwZfT14k7lRA7+NznW/ASbj8B02IgI1nAW5Et5xK7Fr8ThICkuny7RR5A==
  dependencies:
    "@babel/runtime" "^7.8.7"
    lodash "^4.17.21"
    mjml-core "4.10.2"

mjml-carousel@4.10.2:
  version "4.10.2"
  resolved "https://registry.yarnpkg.com/mjml-carousel/-/mjml-carousel-4.10.2.tgz#19b08622db014bb1dbd94d813fa036e78bb87578"
  integrity sha512-WfJ6owuKdFVEmzlW/VluB4cxYoWH7IjcH44z9pvq5LrrgfMssyvbnEpkkZTFNQKKCIrBmdXsjDDt9Ex5oJREGw==
  dependencies:
    "@babel/runtime" "^7.8.7"
    lodash "^4.17.21"
    mjml-core "4.10.2"

mjml-cli@4.10.2:
  version "4.10.2"
  resolved "https://registry.yarnpkg.com/mjml-cli/-/mjml-cli-4.10.2.tgz#df9d10c060c31c38e9e1ce8f10d739269f4b2ac4"
  integrity sha512-tRuiv0ZvuqSJjx67fpxSA8wHEoAsoZ2cLO1w2JiX5lBDXZp5oF8EJ65HPNX6sWyEgu1nKY+9bl7XG3YBUwg80w==
  dependencies:
    "@babel/runtime" "^7.8.7"
    chokidar "^3.0.0"
    glob "^7.1.1"
    html-minifier "^4.0.0"
    js-beautify "^1.6.14"
    lodash "^4.17.21"
    mjml-core "4.10.2"
    mjml-migrate "4.10.2"
    mjml-parser-xml "4.10.2"
    mjml-validator "4.10.2"
    yargs "^16.1.0"

mjml-column@4.10.2:
  version "4.10.2"
  resolved "https://registry.yarnpkg.com/mjml-column/-/mjml-column-4.10.2.tgz#58590f16e26ddbc127fb6e4eb6ba8018f9d66b92"
  integrity sha512-53hGPWTrNPEhY0Kb9Gu/bOoFs86q0k/UvZGxV47oCHSyIRYgfzG7FyaJDYrt+gxFe6hLJAZjQIoXEpZ8683xxw==
  dependencies:
    "@babel/runtime" "^7.8.7"
    lodash "^4.17.21"
    mjml-core "4.10.2"

mjml-core@4.10.2:
  version "4.10.2"
  resolved "https://registry.yarnpkg.com/mjml-core/-/mjml-core-4.10.2.tgz#139a6e3ce10073a01b864931981c649e3b20d45c"
  integrity sha512-RsPCIUqQ1r8gysvljssU2pcScMfMBZnu1JQs2IO3QAlUEELd+sd3Mz/1u4MEWP7vWoUSRDlbJjZIPr1606g70A==
  dependencies:
    "@babel/runtime" "^7.8.7"
    cheerio "1.0.0-rc.10"
    detect-node "2.0.4"
    html-minifier "^4.0.0"
    js-beautify "^1.6.14"
    juice "^7.0.0"
    lodash "^4.17.21"
    mjml-migrate "4.10.2"
    mjml-parser-xml "4.10.2"
    mjml-validator "4.10.2"

mjml-divider@4.10.2:
  version "4.10.2"
  resolved "https://registry.yarnpkg.com/mjml-divider/-/mjml-divider-4.10.2.tgz#2ae6ab75daadb188dd759c464ed66323a7586246"
  integrity sha512-2NGg80/PQVmXpESIWMOiT1c1p3811JpsdFnmXJfiXvwH5hIW3oEyLOB4e9WTXqeVOypcUI32PhR25emOr+Udww==
  dependencies:
    "@babel/runtime" "^7.8.7"
    lodash "^4.17.21"
    mjml-core "4.10.2"

mjml-group@4.10.2:
  version "4.10.2"
  resolved "https://registry.yarnpkg.com/mjml-group/-/mjml-group-4.10.2.tgz#1593dcea66f9289b84a2886c514529eda5f69c65"
  integrity sha512-U7XLiqOwgJDJhimlHAW/6ar0nkpuwwBmrYsEUl1q1kEhX2pDld+Wia4GeVBdRGiWGrFMWW3lgkRmOqs2bMSWEg==
  dependencies:
    "@babel/runtime" "^7.8.7"
    lodash "^4.17.21"
    mjml-core "4.10.2"

mjml-head-attributes@4.10.2:
  version "4.10.2"
  resolved "https://registry.yarnpkg.com/mjml-head-attributes/-/mjml-head-attributes-4.10.2.tgz#a7181d4df878461ba942e925967b1ae48c5a9369"
  integrity sha512-B+GXQK9NCun/RZMHsGrbzNVJM9g+Pni6xDu4CtytdHjOSY4m99cB+fAa3bPX/dxXWEnaRrsR41ReP49NZrO+pQ==
  dependencies:
    "@babel/runtime" "^7.8.7"
    lodash "^4.17.21"
    mjml-core "4.10.2"

mjml-head-breakpoint@4.10.2:
  version "4.10.2"
  resolved "https://registry.yarnpkg.com/mjml-head-breakpoint/-/mjml-head-breakpoint-4.10.2.tgz#306794188227c4b2676c51fbf2164628af3a41b6"
  integrity sha512-omAZRnPtuhx2OHND5guvHvt7Vb94nWO+x/Jupd09gfzapz32mcN15qGQERH33oqfSSZl0paDUDPy53xjXWAkgA==
  dependencies:
    "@babel/runtime" "^7.8.7"
    lodash "^4.17.21"
    mjml-core "4.10.2"

mjml-head-font@4.10.2:
  version "4.10.2"
  resolved "https://registry.yarnpkg.com/mjml-head-font/-/mjml-head-font-4.10.2.tgz#40416a200f81fa839973a8020ee7f87af6da6c84"
  integrity sha512-yDcM6mR0qBd8jZ59nYMvXwz53vw0eW1S+vqtaRq1s6TvmtiMy9Gf6TLcbdFDxUbxjKVVSwK9plSqqTwfiHUc2w==
  dependencies:
    "@babel/runtime" "^7.8.7"
    lodash "^4.17.21"
    mjml-core "4.10.2"

mjml-head-html-attributes@4.10.2:
  version "4.10.2"
  resolved "https://registry.yarnpkg.com/mjml-head-html-attributes/-/mjml-head-html-attributes-4.10.2.tgz#3d9947ec472e02e99c87245c2a4b8cdc5770ea11"
  integrity sha512-zUXs3CA5K4lPyYwF/DhF4isBzqFDTaJp0IURhfF5RAZGQDxQw8W1WPGwjtCgnOKqwMRaIPHBPoHusKqcWGr+mg==
  dependencies:
    "@babel/runtime" "^7.8.7"
    lodash "^4.17.21"
    mjml-core "4.10.2"

mjml-head-preview@4.10.2:
  version "4.10.2"
  resolved "https://registry.yarnpkg.com/mjml-head-preview/-/mjml-head-preview-4.10.2.tgz#107d12f957b45a116da84baaa4e5ab383dda3d86"
  integrity sha512-ko3fxPhpztvqOiwQOLd4aB+cyls2fLxEAShZvaF7PAu02nmmwNCPJnKRAvm/WFqJT8PIGO32AqKb3gupTrKFrQ==
  dependencies:
    "@babel/runtime" "^7.8.7"
    lodash "^4.17.21"
    mjml-core "4.10.2"

mjml-head-style@4.10.2:
  version "4.10.2"
  resolved "https://registry.yarnpkg.com/mjml-head-style/-/mjml-head-style-4.10.2.tgz#21b0d02280cc3a83b36ecca05ff141363cff871f"
  integrity sha512-ut27xxYTau37fCO3TN3Y9HzJhhvtH92jOq+F8r8mbP7achrR+ToGphCxmKYMSnZ5zOwzDqq9GV1/xQCCudZAhQ==
  dependencies:
    "@babel/runtime" "^7.8.7"
    lodash "^4.17.21"
    mjml-core "4.10.2"

mjml-head-title@4.10.2:
  version "4.10.2"
  resolved "https://registry.yarnpkg.com/mjml-head-title/-/mjml-head-title-4.10.2.tgz#79b5eade1534ef43fce4f1ea842598f3044c14b3"
  integrity sha512-ZBQ8FQzuDrfcr5b27Xq8SR0VM8up7CjSsrCiP4N7aBYwrwdRD9zDjr0VfqCGTDV+bxFnpoCwjv2dsWPfJRzr2Q==
  dependencies:
    "@babel/runtime" "^7.8.7"
    lodash "^4.17.21"
    mjml-core "4.10.2"

mjml-head@4.10.2:
  version "4.10.2"
  resolved "https://registry.yarnpkg.com/mjml-head/-/mjml-head-4.10.2.tgz#16458a50eb9b04438810afa513082bf6f293b07e"
  integrity sha512-70HJc1x7agRVxggUyrBjHZh1bUt43GH0SjlmKgIivaGXKGQEd+1d+0m+aZesY7zplQXN7IBI5qBRZmgIfW+FLQ==
  dependencies:
    "@babel/runtime" "^7.8.7"
    lodash "^4.17.21"
    mjml-core "4.10.2"

mjml-hero@4.10.2:
  version "4.10.2"
  resolved "https://registry.yarnpkg.com/mjml-hero/-/mjml-hero-4.10.2.tgz#909e3e20c341f546c6ffa54aded3de35d9fd36ed"
  integrity sha512-fPA80s3eOEW3Y1YxgPfHDhNe5fGd+zelOhg7lGyO5QTH/diXu3ElkScPXMt7NeEz9vTnHLpwsygdp1X7rEJimA==
  dependencies:
    "@babel/runtime" "^7.8.7"
    lodash "^4.17.21"
    mjml-core "4.10.2"

mjml-image@4.10.2:
  version "4.10.2"
  resolved "https://registry.yarnpkg.com/mjml-image/-/mjml-image-4.10.2.tgz#daa85304c08ff7e281dc0393833ac4626f8755dd"
  integrity sha512-gmo5UQNAE2NfpSydwLwPoIRVtxKX/P34OMQwgc83bMasbigyJPU/mjJt/1NYfNQa+s4jD1IOiQmxBgV7b9UalA==
  dependencies:
    "@babel/runtime" "^7.8.7"
    lodash "^4.17.21"
    mjml-core "4.10.2"

mjml-migrate@4.10.2:
  version "4.10.2"
  resolved "https://registry.yarnpkg.com/mjml-migrate/-/mjml-migrate-4.10.2.tgz#efe5f51b43520f869061a74dadc75fafcd2df484"
  integrity sha512-7b7HZG7H4ffl/HS/Qg6kDGgTpaF+HLDAi7eZDvfah20zkq8GYyOWo8OZek5ALXk6gwmszVBkhRhbB/r6DVvyqA==
  dependencies:
    "@babel/runtime" "^7.8.7"
    js-beautify "^1.6.14"
    lodash "^4.17.21"
    mjml-core "4.10.2"
    mjml-parser-xml "4.10.2"
    yargs "^16.1.0"

mjml-navbar@4.10.2:
  version "4.10.2"
  resolved "https://registry.yarnpkg.com/mjml-navbar/-/mjml-navbar-4.10.2.tgz#b20db4d5408fad6f023de029172961474f51ed46"
  integrity sha512-V/csnQDZSCUDh+/WTicTbB7TwjIah0UIoTIDz5NQq7BCXFDClVTvdm06pVamt1pUy+/0slVOLRDl7LTZ53Rc2A==
  dependencies:
    "@babel/runtime" "^7.8.7"
    lodash "^4.17.21"
    mjml-core "4.10.2"

mjml-parser-xml@4.10.2:
  version "4.10.2"
  resolved "https://registry.yarnpkg.com/mjml-parser-xml/-/mjml-parser-xml-4.10.2.tgz#c95823608c81c439c7df8e489240da70c1b307d9"
  integrity sha512-kbWjT7zOTApLBCActvVTqkKgSol4y3tSYjVIZYBlRPViP5ZLw+I1nWRCTji9hQoQ/tGgqSXEIKa7+n9IIW+Zww==
  dependencies:
    "@babel/runtime" "^7.8.7"
    detect-node "2.0.4"
    htmlparser2 "^4.1.0"
    lodash "^4.17.15"

mjml-preset-core@4.10.2:
  version "4.10.2"
  resolved "https://registry.yarnpkg.com/mjml-preset-core/-/mjml-preset-core-4.10.2.tgz#ba8999e4e68ce1e0cdc6cfafa64641da734f7f21"
  integrity sha512-rqKEphVPYbT78wXiRZm8WK7q86GZtSdMV7sQHuRYu+++AAUNlFkZUxvnNmZtKt2KupHGoz18oBErF5z3WIesvg==
  dependencies:
    "@babel/runtime" "^7.8.7"
    mjml-accordion "4.10.2"
    mjml-body "4.10.2"
    mjml-button "4.10.2"
    mjml-carousel "4.10.2"
    mjml-column "4.10.2"
    mjml-divider "4.10.2"
    mjml-group "4.10.2"
    mjml-head "4.10.2"
    mjml-head-attributes "4.10.2"
    mjml-head-breakpoint "4.10.2"
    mjml-head-font "4.10.2"
    mjml-head-html-attributes "4.10.2"
    mjml-head-preview "4.10.2"
    mjml-head-style "4.10.2"
    mjml-head-title "4.10.2"
    mjml-hero "4.10.2"
    mjml-image "4.10.2"
    mjml-navbar "4.10.2"
    mjml-raw "4.10.2"
    mjml-section "4.10.2"
    mjml-social "4.10.2"
    mjml-spacer "4.10.2"
    mjml-table "4.10.2"
    mjml-text "4.10.2"
    mjml-wrapper "4.10.2"

mjml-raw@4.10.2:
  version "4.10.2"
  resolved "https://registry.yarnpkg.com/mjml-raw/-/mjml-raw-4.10.2.tgz#eb9b1f3dcdd8726a819562745ac2663f739f6272"
  integrity sha512-jLkO6Q09Pyc/Izj7bOMmhSCiWuHfAbqoq0oKqWtzgSv2gw2yBSmaMHFyMqAsE3Tlm4NkPxWRLCahoswk4doUGg==
  dependencies:
    "@babel/runtime" "^7.8.7"
    lodash "^4.17.21"
    mjml-core "4.10.2"

mjml-section@4.10.2:
  version "4.10.2"
  resolved "https://registry.yarnpkg.com/mjml-section/-/mjml-section-4.10.2.tgz#5f457fa26adc284c5fcaecc66805f7d05fbcea2c"
  integrity sha512-wWTjKt+8Anm6MQUCuE/0ecHy1mt9JxShCR7BmGaO/hq0p1OqaUfveOpg1diod5TudHg9oT/f6ipyXCTSebVYIQ==
  dependencies:
    "@babel/runtime" "^7.8.7"
    lodash "^4.17.21"
    mjml-core "4.10.2"

mjml-social@4.10.2:
  version "4.10.2"
  resolved "https://registry.yarnpkg.com/mjml-social/-/mjml-social-4.10.2.tgz#ab51e56d4d0845643bb59f59b1c94d84e1627e4a"
  integrity sha512-rZexXYp+qgT4E+WGAvt622RxD+sp/ZL7WdRYvF9U/8bQMhnUfVFI6UCZA2UNoby0v4g0JNO4pv0oGzXbAhl6lQ==
  dependencies:
    "@babel/runtime" "^7.8.7"
    lodash "^4.17.21"
    mjml-core "4.10.2"

mjml-spacer@4.10.2:
  version "4.10.2"
  resolved "https://registry.yarnpkg.com/mjml-spacer/-/mjml-spacer-4.10.2.tgz#1e693d63f99dd411dedf9931b61a1acf3183b464"
  integrity sha512-md5bbtEfvPE+EGGnfXOe+9lnpbHqkzXAq/51YxRYhW5Zr/iT9NyN3VWbqkOruKXztzKFlkL7u2aq+NBKJJiFMA==
  dependencies:
    "@babel/runtime" "^7.8.7"
    lodash "^4.17.21"
    mjml-core "4.10.2"

mjml-table@4.10.2:
  version "4.10.2"
  resolved "https://registry.yarnpkg.com/mjml-table/-/mjml-table-4.10.2.tgz#a3102da62fc2bfa9ecacb7d069f8b59f7a3fa2c3"
  integrity sha512-VSVptHIarlxMshAcLq1F/jqFkqVS61amXmtyMcFWqKcYEVrDVwfi7knB/P/BacsbZ3RJaG0KkkK9dTsP1UShzw==
  dependencies:
    "@babel/runtime" "^7.8.7"
    lodash "^4.17.21"
    mjml-core "4.10.2"

mjml-text@4.10.2:
  version "4.10.2"
  resolved "https://registry.yarnpkg.com/mjml-text/-/mjml-text-4.10.2.tgz#ab89d14fed48f3096e453a78864d915ec7335436"
  integrity sha512-fxtzpLCFHuDFecS+CQBIbGdBPx3xyKZx1RfHJjjmjeX0dzoQvud4LiEmegqXted7tiUJ8yBI8vp1KfnIzxmyjA==
  dependencies:
    "@babel/runtime" "^7.8.7"
    lodash "^4.17.21"
    mjml-core "4.10.2"

mjml-validator@4.10.2:
  version "4.10.2"
  resolved "https://registry.yarnpkg.com/mjml-validator/-/mjml-validator-4.10.2.tgz#1710f9243a2aafc49572e61bb365e87d076be698"
  integrity sha512-6CIJ3iCnXRwy+z0GGpUZuVwBS7mW8/oZ0U2jnV9L8WVQiIAHPcilnRgR4yIcE6SvQ724XEnAu/za7rq6C5UBhA==
  dependencies:
    "@babel/runtime" "^7.8.7"

mjml-wrapper@4.10.2:
  version "4.10.2"
  resolved "https://registry.yarnpkg.com/mjml-wrapper/-/mjml-wrapper-4.10.2.tgz#086d51e59da2fc04dc69b49b5bca63dba6c684be"
  integrity sha512-JkU92wHRyR6lh8GyovxJUrzY2JViIrDrU6bjewqDrm5Oi3fupck1kNEGRIR7ewzWLgGtlYcAjk1Myt9wcCeeZw==
  dependencies:
    "@babel/runtime" "^7.8.7"
    lodash "^4.17.21"
    mjml-core "4.10.2"
    mjml-section "4.10.2"

mjml@^4.10.2:
  version "4.10.2"
  resolved "https://registry.yarnpkg.com/mjml/-/mjml-4.10.2.tgz#ae4f4fc33fedd9c7c1b5b36ad0486f1713e30f70"
  integrity sha512-KVFcTl3AaugIbGRKeqqzjHebp8PTFpteUy3otaRGbrYgKMv+AHzwCMMOptkU9qknJBMCJb+ZUSc9FvOc+bbp4A==
  dependencies:
    "@babel/runtime" "^7.14.6"
    mjml-cli "4.10.2"
    mjml-core "4.10.2"
    mjml-migrate "4.10.2"
    mjml-preset-core "4.10.2"
    mjml-validator "4.10.2"

no-case@^2.2.0:
  version "2.3.2"
  resolved "https://registry.yarnpkg.com/no-case/-/no-case-2.3.2.tgz#60b813396be39b3f1288a4c1ed5d1e7d28b464ac"
  integrity sha512-rmTZ9kz+f3rCvK2TD1Ue/oZlns7OGoIWP4fc3llxxRXlOkHKoWPPWJOfFYpITabSow43QJbRIoHQXtt10VldyQ==
  dependencies:
    lower-case "^1.1.1"

node-fetch@^2.6.0:
  version "2.6.2"
  resolved "https://registry.yarnpkg.com/node-fetch/-/node-fetch-2.6.2.tgz#986996818b73785e47b1965cc34eb093a1d464d0"
  integrity sha512-aLoxToI6RfZ+0NOjmWAgn9+LEd30YCkJKFSyWacNZdEKTit/ZMcKjGkTRo8uWEsnIb/hfKecNPEbln02PdWbcA==

nopt@^5.0.0:
  version "5.0.0"
  resolved "https://registry.yarnpkg.com/nopt/-/nopt-5.0.0.tgz#530942bb58a512fccafe53fe210f13a25355dc88"
  integrity sha512-Tbj67rffqceeLpcRXrT7vKAN8CwfPeIBgM7E6iBkmKLV7bEMwpGgYLGv0jACUsECaa/vuxP0IjEont6umdMgtQ==
  dependencies:
    abbrev "1"

normalize-path@^3.0.0, normalize-path@~3.0.0:
  version "3.0.0"
  resolved "https://registry.yarnpkg.com/normalize-path/-/normalize-path-3.0.0.tgz#0dcd69ff23a1c9b11fd0978316644a0388216a65"
  integrity sha512-6eZs5Ls3WtCisHWp9S2GUy8dqkpGi4BVSz3GaqiE6ezub0512ESztXUwUB6C6IKbQkY2Pnb/mD4WYojCRwcwLA==

nth-check@^2.0.0:
  version "2.0.0"
  resolved "https://registry.yarnpkg.com/nth-check/-/nth-check-2.0.0.tgz#1bb4f6dac70072fc313e8c9cd1417b5074c0a125"
  integrity sha512-i4sc/Kj8htBrAiH1viZ0TgU8Y5XqCaV/FziYK6TBczxmeKm3AEFWqqF3195yKudrarqy7Zu80Ra5dobFjn9X/Q==
  dependencies:
    boolbase "^1.0.0"

once@^1.3.0:
  version "1.4.0"
  resolved "https://registry.yarnpkg.com/once/-/once-1.4.0.tgz#583b1aa775961d4b113ac17d9c50baef9dd76bd1"
  integrity sha1-WDsap3WWHUsROsF9nFC6753Xa9E=
  dependencies:
    wrappy "1"

param-case@^2.1.1:
  version "2.1.1"
  resolved "https://registry.yarnpkg.com/param-case/-/param-case-2.1.1.tgz#df94fd8cf6531ecf75e6bef9a0858fbc72be2247"
  integrity sha1-35T9jPZTHs915r75oIWPvHK+Ikc=
  dependencies:
    no-case "^2.2.0"

parse5-htmlparser2-tree-adapter@^6.0.1:
  version "6.0.1"
  resolved "https://registry.yarnpkg.com/parse5-htmlparser2-tree-adapter/-/parse5-htmlparser2-tree-adapter-6.0.1.tgz#2cdf9ad823321140370d4dbf5d3e92c7c8ddc6e6"
  integrity sha512-qPuWvbLgvDGilKc5BoicRovlT4MtYT6JfJyBOMDsKoiT+GiuP5qyrPCnR9HcPECIJJmZh5jRndyNThnhhb/vlA==
  dependencies:
    parse5 "^6.0.1"

parse5@^6.0.1:
  version "6.0.1"
  resolved "https://registry.yarnpkg.com/parse5/-/parse5-6.0.1.tgz#e1a1c085c569b3dc08321184f19a39cc27f7c30b"
  integrity sha512-Ofn/CTFzRGTTxwpNEs9PP93gXShHcTq255nzRYSKe8AkVpZY7e1fpmTfOyoIvjP5HG7Z2ZM7VS9PPhQGW2pOpw==

path-is-absolute@^1.0.0:
  version "1.0.1"
  resolved "https://registry.yarnpkg.com/path-is-absolute/-/path-is-absolute-1.0.1.tgz#174b9268735534ffbc7ace6bf53a5a9e1b5c5f5f"
  integrity sha1-F0uSaHNVNP+8es5r9TpanhtcX18=

picomatch@^2.0.4, picomatch@^2.2.1:
  version "2.3.0"
  resolved "https://registry.yarnpkg.com/picomatch/-/picomatch-2.3.0.tgz#f1f061de8f6a4bf022892e2d128234fb98302972"
  integrity sha512-lY1Q/PiJGC2zOv/z391WOTD+Z02bCgsFfvxoXXf6h7kv9o+WmsmzYqrAwY63sNgOxE4xEdq0WyUnXfKeBrSvYw==

proto-list@~1.2.1:
  version "1.2.4"
  resolved "https://registry.yarnpkg.com/proto-list/-/proto-list-1.2.4.tgz#212d5bfe1318306a420f6402b8e26ff39647a849"
  integrity sha1-IS1b/hMYMGpCD2QCuOJv85ZHqEk=

pseudomap@^1.0.2:
  version "1.0.2"
  resolved "https://registry.yarnpkg.com/pseudomap/-/pseudomap-1.0.2.tgz#f052a28da70e618917ef0a8ac34c1ae5a68286b3"
  integrity sha1-8FKijacOYYkX7wqKw0wa5aaChrM=

readdirp@~3.6.0:
  version "3.6.0"
  resolved "https://registry.yarnpkg.com/readdirp/-/readdirp-3.6.0.tgz#74a370bd857116e245b29cc97340cd431a02a6c7"
  integrity sha512-hOS089on8RduqdbhvQ5Z37A0ESjsqz6qnRcffsMU3495FuTdqSm+7bhJ29JvIOsBDEEnan5DPu9t3To9VRlMzA==
  dependencies:
    picomatch "^2.2.1"

regenerator-runtime@^0.13.4:
  version "0.13.9"
  resolved "https://registry.yarnpkg.com/regenerator-runtime/-/regenerator-runtime-0.13.9.tgz#8925742a98ffd90814988d7566ad30ca3b263b52"
  integrity sha512-p3VT+cOEgxFsRRA9X4lkI1E+k2/CtnKtU4gcxyaCUreilL/vqI6CdZ3wxVUx3UOUg+gnUOQQcRI7BmSI656MYA==

relateurl@^0.2.7:
  version "0.2.7"
  resolved "https://registry.yarnpkg.com/relateurl/-/relateurl-0.2.7.tgz#54dbf377e51440aca90a4cd274600d3ff2d888a9"
  integrity sha1-VNvzd+UUQKypCkzSdGANP/LYiKk=

require-directory@^2.1.1:
  version "2.1.1"
  resolved "https://registry.yarnpkg.com/require-directory/-/require-directory-2.1.1.tgz#8c64ad5fd30dab1c976e2344ffe7f792a6a6df42"
  integrity sha1-jGStX9MNqxyXbiNE/+f3kqam30I=

semver@^5.6.0:
  version "5.7.1"
  resolved "https://registry.yarnpkg.com/semver/-/semver-5.7.1.tgz#a954f931aeba508d307bbf069eff0c01c96116f7"
  integrity sha512-sauaDf/PZdVgrLTNYHRtpXa1iRiKcaebiKQ1BJdpQlWH2lCvexQdX55snPFyK7QzpudqbCI0qXFfOasHdyNDGQ==

sigmund@^1.0.1:
  version "1.0.1"
  resolved "https://registry.yarnpkg.com/sigmund/-/sigmund-1.0.1.tgz#3ff21f198cad2175f9f3b781853fd94d0d19b590"
  integrity sha1-P/IfGYytIXX587eBhT/ZTQ0ZtZA=

slick@^1.12.2:
  version "1.12.2"
  resolved "https://registry.yarnpkg.com/slick/-/slick-1.12.2.tgz#bd048ddb74de7d1ca6915faa4a57570b3550c2d7"
  integrity sha1-vQSN23TefRymkV+qSldXCzVQwtc=

source-map@~0.6.0:
  version "0.6.1"
  resolved "https://registry.yarnpkg.com/source-map/-/source-map-0.6.1.tgz#74722af32e9614e9c287a8d0bbde48b5e2f1a263"
  integrity sha512-UjgapumWlbMhkBgzT7Ykc5YXUT46F0iKu8SGXq0bcwP5dz/h0Plj6enJqjz1Zbq2l5WaqYnrVbwWOWMyF3F47g==

string-width@^4.1.0, string-width@^4.2.0:
  version "4.2.2"
  resolved "https://registry.yarnpkg.com/string-width/-/string-width-4.2.2.tgz#dafd4f9559a7585cfba529c6a0a4f73488ebd4c5"
  integrity sha512-XBJbT3N4JhVumXE0eoLU9DCjcaF92KLNqTmFCnG1pf8duUxFGwtP6AD6nkjw9a3IdiRtL3E2w3JDiE/xi3vOeA==
  dependencies:
    emoji-regex "^8.0.0"
    is-fullwidth-code-point "^3.0.0"
    strip-ansi "^6.0.0"

strip-ansi@^6.0.0:
  version "6.0.0"
  resolved "https://registry.yarnpkg.com/strip-ansi/-/strip-ansi-6.0.0.tgz#0b1571dd7669ccd4f3e06e14ef1eed26225ae532"
  integrity sha512-AuvKTrTfQNYNIctbR1K/YGTR1756GycPsg7b9bdV9Duqur4gv6aKqHXah67Z8ImS7WEz5QVcOtlfW2rZEugt6w==
  dependencies:
    ansi-regex "^5.0.0"

to-regex-range@^5.0.1:
  version "5.0.1"
  resolved "https://registry.yarnpkg.com/to-regex-range/-/to-regex-range-5.0.1.tgz#1648c44aae7c8d988a326018ed72f5b4dd0392e4"
  integrity sha512-65P7iz6X5yEr1cwcgvQxbbIw7Uk3gOy5dIdtZ4rDveLqhrdJP+Li/Hx6tyK0NEb+2GCyneCMJiGqrADCSNk8sQ==
  dependencies:
    is-number "^7.0.0"

tslib@^2.2.0:
  version "2.3.1"
  resolved "https://registry.yarnpkg.com/tslib/-/tslib-2.3.1.tgz#e8a335add5ceae51aa261d32a490158ef042ef01"
  integrity sha512-77EbyPPpMz+FRFRuAFlWMtmgUWGe9UOG2Z25NqCwiIjRhOf5iKGuzSe5P2w1laq+FkRy4p+PCuVkJSGkzTEKVw==

uglify-js@^3.5.1:
  version "3.14.2"
  resolved "https://registry.yarnpkg.com/uglify-js/-/uglify-js-3.14.2.tgz#d7dd6a46ca57214f54a2d0a43cad0f35db82ac99"
  integrity sha512-rtPMlmcO4agTUfz10CbgJ1k6UAoXM2gWb3GoMPPZB/+/Ackf8lNWk11K4rYi2D0apgoFRLtQOZhb+/iGNJq26A==

upper-case@^1.1.1:
  version "1.1.3"
  resolved "https://registry.yarnpkg.com/upper-case/-/upper-case-1.1.3.tgz#f6b4501c2ec4cdd26ba78be7222961de77621598"
  integrity sha1-9rRQHC7EzdJrp4vnIilh3ndiFZg=

valid-data-url@^3.0.0:
  version "3.0.1"
  resolved "https://registry.yarnpkg.com/valid-data-url/-/valid-data-url-3.0.1.tgz#826c1744e71b5632e847dd15dbd45b9fb38aa34f"
  integrity sha512-jOWVmzVceKlVVdwjNSenT4PbGghU0SBIizAev8ofZVgivk/TVHXSbNL8LP6M3spZvkR9/QolkyJavGSX5Cs0UA==

web-resource-inliner@^5.0.0:
  version "5.0.0"
  resolved "https://registry.yarnpkg.com/web-resource-inliner/-/web-resource-inliner-5.0.0.tgz#ac30db8096931f20a7c1b3ade54ff444e2e20f7b"
  integrity sha512-AIihwH+ZmdHfkJm7BjSXiEClVt4zUFqX4YlFAzjL13wLtDuUneSaFvDBTbdYRecs35SiU7iNKbMnN+++wVfb6A==
  dependencies:
    ansi-colors "^4.1.1"
    escape-goat "^3.0.0"
    htmlparser2 "^4.0.0"
    mime "^2.4.6"
    node-fetch "^2.6.0"
    valid-data-url "^3.0.0"

wrap-ansi@^7.0.0:
  version "7.0.0"
  resolved "https://registry.yarnpkg.com/wrap-ansi/-/wrap-ansi-7.0.0.tgz#67e145cff510a6a6984bdf1152911d69d2eb9e43"
  integrity sha512-YVGIj2kamLSTxw6NsZjoBxfSwsn0ycdesmc4p+Q21c5zPuZ1pl+NfxVdxPtdHvmNVOQ6XSYG4AUtyt/Fi7D16Q==
  dependencies:
    ansi-styles "^4.0.0"
    string-width "^4.1.0"
    strip-ansi "^6.0.0"

wrappy@1:
  version "1.0.2"
  resolved "https://registry.yarnpkg.com/wrappy/-/wrappy-1.0.2.tgz#b5243d8f3ec1aa35f1364605bc0d1036e30ab69f"
  integrity sha1-tSQ9jz7BqjXxNkYFvA0QNuMKtp8=

y18n@^5.0.5:
  version "5.0.8"
  resolved "https://registry.yarnpkg.com/y18n/-/y18n-5.0.8.tgz#7f4934d0f7ca8c56f95314939ddcd2dd91ce1d55"
  integrity sha512-0pfFzegeDWJHJIAmTLRP2DwHjdF5s7jo9tuztdQxAhINCdvS+3nGINqPd00AphqJR/0LhANUS6/+7SCb98YOfA==

yallist@^2.1.2:
  version "2.1.2"
  resolved "https://registry.yarnpkg.com/yallist/-/yallist-2.1.2.tgz#1c11f9218f076089a47dd512f93c6699a6a81d52"
  integrity sha1-HBH5IY8HYImkfdUS+TxmmaaoHVI=

yargs-parser@^20.2.2:
  version "20.2.9"
  resolved "https://registry.yarnpkg.com/yargs-parser/-/yargs-parser-20.2.9.tgz#2eb7dc3b0289718fc295f362753845c41a0c94ee"
  integrity sha512-y11nGElTIV+CT3Zv9t7VKl+Q3hTQoT9a1Qzezhhl6Rp21gJ/IVTW7Z3y9EWXhuUBC2Shnf+DX0antecpAwSP8w==

yargs@^16.1.0:
  version "16.2.0"
  resolved "https://registry.yarnpkg.com/yargs/-/yargs-16.2.0.tgz#1c82bf0f6b6a66eafce7ef30e376f49a12477f66"
  integrity sha512-D1mvvtDG0L5ft/jGWkLpG1+m0eQxOfaBvTNELraWj22wSVUMWxZUvYgJYcKh6jGGIkJFhH4IZPQhR4TKpc8mBw==
  dependencies:
    cliui "^7.0.2"
    escalade "^3.1.1"
    get-caller-file "^2.0.5"
    require-directory "^2.1.1"
    string-width "^4.2.0"
    y18n "^5.0.5"
    yargs-parser "^20.2.2"
